<?xml version="1.0" encoding="utf-8"?>
<Project ToolsVersion="4.0" xmlns="http://schemas.microsoft.com/developer/msbuild/2003">
  <ItemGroup>
    <Filter Include="Исходные файлы">
      <UniqueIdentifier>{4FC737F1-C7A5-4376-A066-2A32D752A2FF}</UniqueIdentifier>
      <Extensions>cpp;c;cc;cxx;def;odl;idl;hpj;bat;asm;asmx</Extensions>
    </Filter>
    <Filter Include="Файлы заголовков">
      <UniqueIdentifier>{93995380-89BD-4b04-88EB-625FBE52EBFB}</UniqueIdentifier>
      <Extensions>h;hh;hpp;hxx;hm;inl;inc;ipp;xsd</Extensions>
    </Filter>
    <Filter Include="Файлы ресурсов">
      <UniqueIdentifier>{67DA6AB6-F800-4c08-8B7A-83BB121AAD01}</UniqueIdentifier>
      <Extensions>rc;ico;cur;bmp;dlg;rc2;rct;bin;rgs;gif;jpg;jpeg;jpe;resx;tiff;tif;png;wav;mfcribbon-ms</Extensions>
    </Filter>
  </ItemGroup>
  <ItemGroup>
    <ClCompile Include="CircleRangeCtrl.cpp">
      <Filter>Исходные файлы</Filter>
    </ClCompile>
    <ClCompile Include="CompleteDialog.cpp">
      <Filter>Исходные файлы</Filter>
    </ClCompile>
    <ClCompile Include="ControlsWindow.cpp">
      <Filter>Исходные файлы</Filter>
    </ClCompile>
    <ClCompile Include="CustomWidget.cpp">
      <Filter>Исходные файлы</Filter>
    </ClCompile>
    <ClCompile Include="DomainPlanesDialog.cpp">
      <Filter>Исходные файлы</Filter>
    </ClCompile>
    <ClCompile Include="DropTarget.cpp">
      <Filter>Исходные файлы</Filter>
    </ClCompile>
    <ClCompile Include="Embedded_wrap.cxx">
      <Filter>Исходные файлы</Filter>
    </ClCompile>
    <ClCompile Include="EmbeddedPythonFunctions.cpp">
      <Filter>Исходные файлы</Filter>
    </ClCompile>
    <ClCompile Include="latin_random.cpp">
      <Filter>Исходные файлы</Filter>
    </ClCompile>
    <ClCompile Include="LayersOffsetDialog.cpp">
      <Filter>Исходные файлы</Filter>
    </ClCompile>
    <ClCompile Include="Modeller.cpp">
      <Filter>Исходные файлы</Filter>
    </ClCompile>
    <ClCompile Include="PatternDraftDialog.cpp">
      <Filter>Исходные файлы</Filter>
    </ClCompile>
    <ClCompile Include="PythonConsole.cpp">
      <Filter>Исходные файлы</Filter>
    </ClCompile>
    <ClCompile Include="PythonConverter.cpp">
      <Filter>Исходные файлы</Filter>
    </ClCompile>
    <ClCompile Include="PythonWrapper.cpp">
      <Filter>Исходные файлы</Filter>
    </ClCompile>
    <ClCompile Include="RangeValidator.cpp">
      <Filter>Исходные файлы</Filter>
    </ClCompile>
    <ClCompile Include="SectionSelect.cpp">
      <Filter>Исходные файлы</Filter>
    </ClCompile>
    <ClCompile Include="TexGenApp.cpp">
      <Filter>Исходные файлы</Filter>
    </ClCompile>
    <ClCompile Include="TexGenMainFrame.cpp">
      <Filter>Исходные файлы</Filter>
    </ClCompile>
    <ClCompile Include="TexGenRenderWindow.cpp">
      <Filter>Исходные файлы</Filter>
    </ClCompile>
    <ClCompile Include="TextileLayersDialog.cpp">
      <Filter>Исходные файлы</Filter>
    </ClCompile>
    <ClCompile Include="WeavePatternCtrl.cpp">
      <Filter>Исходные файлы</Filter>
    </ClCompile>
    <ClCompile Include="WeavePatternCtrl3D.cpp">
      <Filter>Исходные файлы</Filter>
    </ClCompile>
    <ClCompile Include="WeaveWizard.cpp">
      <Filter>Исходные файлы</Filter>
    </ClCompile>
    <ClCompile Include="WeaveWizard3D.cpp">
      <Filter>Исходные файлы</Filter>
    </ClCompile>
    <ClCompile Include="wxVTKRenderWindowInteractor.cxx">
      <Filter>Исходные файлы</Filter>
    </ClCompile>
    <ClCompile Include="YarnSectionSelect.cpp">
      <Filter>Исходные файлы</Filter>
    </ClCompile>
    <ClCompile Include="CustomInteractorStyle.cpp">
      <Filter>Исходные файлы</Filter>
    </ClCompile>
    <ClCompile Include="TexGenRenderer.cpp">
      <Filter>Исходные файлы</Filter>
    </ClCompile>
  </ItemGroup>
  <ItemGroup>
    <ClInclude Include="CircleRangeCtrl.h">
      <Filter>Файлы заголовков</Filter>
    </ClInclude>
    <ClInclude Include="CompleteDialog.h">
      <Filter>Файлы заголовков</Filter>
    </ClInclude>
    <ClInclude Include="ControlsWindow.h">
      <Filter>Файлы заголовков</Filter>
    </ClInclude>
    <ClInclude Include="Convert.h">
      <Filter>Файлы заголовков</Filter>
    </ClInclude>
    <ClInclude Include="CustomWidget.h">
      <Filter>Файлы заголовков</Filter>
    </ClInclude>
    <ClInclude Include="DomainPlanesDialog.h">
      <Filter>Файлы заголовков</Filter>
    </ClInclude>
    <ClInclude Include="DropTarget.h">
      <Filter>Файлы заголовков</Filter>
    </ClInclude>
    <ClInclude Include="EmbeddedPythonFunctions.h">
      <Filter>Файлы заголовков</Filter>
    </ClInclude>
    <ClInclude Include="latin_random.hpp">
      <Filter>Файлы заголовков</Filter>
    </ClInclude>
    <ClInclude Include="LayersOffsetDialog.h">
      <Filter>Файлы заголовков</Filter>
    </ClInclude>
    <ClInclude Include="LoggerGUI.h">
      <Filter>Файлы заголовков</Filter>
    </ClInclude>
    <ClInclude Include="Modeller.h">
      <Filter>Файлы заголовков</Filter>
    </ClInclude>
    <ClInclude Include="PatternDraftDialog.h">
      <Filter>Файлы заголовков</Filter>
    </ClInclude>
    <ClInclude Include="PythonConsole.h">
      <Filter>Файлы заголовков</Filter>
    </ClInclude>
    <ClInclude Include="PythonConverter.h">
      <Filter>Файлы заголовков</Filter>
    </ClInclude>
    <ClInclude Include="PythonWrapper.h">
      <Filter>Файлы заголовков</Filter>
    </ClInclude>
    <ClInclude Include="RangeValidator.h">
      <Filter>Файлы заголовков</Filter>
    </ClInclude>
    <ClInclude Include="SectionSelect.h">
      <Filter>Файлы заголовков</Filter>
    </ClInclude>
    <ClInclude Include="TexGenApp.h">
      <Filter>Файлы заголовков</Filter>
    </ClInclude>
    <ClInclude Include="TexGenMainFrame.h">
      <Filter>Файлы заголовков</Filter>
    </ClInclude>
    <ClInclude Include="TexGenRenderWindow.h">
      <Filter>Файлы заголовков</Filter>
    </ClInclude>
    <ClInclude Include="TextileLayersDialog.h">
      <Filter>Файлы заголовков</Filter>
    </ClInclude>
    <ClInclude Include="WeavePatternCtrl.h">
      <Filter>Файлы заголовков</Filter>
    </ClInclude>
    <ClInclude Include="WeavePatternCtrl3D.h">
      <Filter>Файлы заголовков</Filter>
    </ClInclude>
    <ClInclude Include="WeaveWizard.h">
      <Filter>Файлы заголовков</Filter>
    </ClInclude>
    <ClInclude Include="WeaveWizard3D.h">
      <Filter>Файлы заголовков</Filter>
    </ClInclude>
    <ClInclude Include="WindowIDs.h">
      <Filter>Файлы заголовков</Filter>
    </ClInclude>
    <ClInclude Include="wxVTKRenderWindowInteractor.h">
      <Filter>Файлы заголовков</Filter>
    </ClInclude>
    <ClInclude Include="YarnSectionSelect.h">
      <Filter>Файлы заголовков</Filter>
    </ClInclude>
    <ClInclude Include="CustomInteractorStyle.h">
      <Filter>Файлы заголовков</Filter>
    </ClInclude>
    <ClInclude Include="TexGenRenderer.h">
      <Filter>Файлы заголовков</Filter>
    </ClInclude>
    <ClInclude Include="resource.h">
      <Filter>Файлы заголовков</Filter>
    </ClInclude>
  </ItemGroup>
  <ItemGroup>
    <None Include="LayerToLayer.xpm" />
    <None Include="packages.config" />
    <None Include="Embedded.i" />
    <None Include="TexGen.xrc" />
    <None Include="wx\msw\hand.cur">
      <Filter>Файлы ресурсов</Filter>
    </None>
    <None Include="wx\msw\bullseye.cur">
      <Filter>Файлы ресурсов</Filter>
    </None>
    <None Include="wx\msw\pencil.cur">
      <Filter>Файлы ресурсов</Filter>
    </None>
    <None Include="wx\msw\magnif1.cur">
      <Filter>Файлы ресурсов</Filter>
    </None>
    <None Include="wx\msw\roller.cur">
      <Filter>Файлы ресурсов</Filter>
    </None>
    <None Include="wx\msw\pbrush.cur">
      <Filter>Файлы ресурсов</Filter>
    </None>
    <None Include="wx\msw\pntleft.cur">
      <Filter>Файлы ресурсов</Filter>
    </None>
    <None Include="wx\msw\pntright.cur">
      <Filter>Файлы ресурсов</Filter>
    </None>
    <None Include="wx\msw\blank.cur">
      <Filter>Файлы ресурсов</Filter>
    </None>
    <None Include="wx\msw\rightarr.cur">
      <Filter>Файлы ресурсов</Filter>
    </None>
    <None Include="wx\msw\cross.cur">
      <Filter>Файлы ресурсов</Filter>
    </None>
  </ItemGroup>
  <ItemGroup>
    <Image Include="Icon.ico">
      <Filter>Файлы ресурсов</Filter>
    </Image>
    <Image Include="wx\msw\std.ico">
      <Filter>Файлы ресурсов</Filter>
    </Image>
    <Image Include="wx\msw\folder1.ico">
      <Filter>Файлы ресурсов</Filter>
    </Image>
    <Image Include="wx\msw\folder2.ico">
      <Filter>Файлы ресурсов</Filter>
    </Image>
    <Image Include="wx\msw\file1.ico">
      <Filter>Файлы ресурсов</Filter>
    </Image>
    <Image Include="wx\msw\computer.ico">
      <Filter>Файлы ресурсов</Filter>
    </Image>
    <Image Include="wx\msw\drive.ico">
      <Filter>Файлы ресурсов</Filter>
    </Image>
    <Image Include="wx\msw\cdrom.ico">
      <Filter>Файлы ресурсов</Filter>
    </Image>
    <Image Include="wx\msw\floppy.ico">
      <Filter>Файлы ресурсов</Filter>
    </Image>
    <Image Include="wx\msw\removble.ico">
      <Filter>Файлы ресурсов</Filter>
    </Image>
    <Image Include="wx\msw\csquery.bmp">
      <Filter>Файлы ресурсов</Filter>
    </Image>
    <Image Include="wx\msw\colours.bmp">
      <Filter>Файлы ресурсов</Filter>
    </Image>
  </ItemGroup>
  <ItemGroup>
    <ResourceCompile Include="GUI.rc">
      <Filter>Файлы ресурсов</Filter>
    </ResourceCompile>
  </ItemGroup>
</Project>