<?xml version="1.0" encoding="utf-8"?>
<Project ToolsVersion="4.0" xmlns="http://schemas.microsoft.com/developer/msbuild/2003">
  <ItemGroup>
    <Filter Include="Исходные файлы">
      <UniqueIdentifier>{4FC737F1-C7A5-4376-A066-2A32D752A2FF}</UniqueIdentifier>
      <Extensions>cpp;c;cc;cxx;def;odl;idl;hpj;bat;asm;asmx</Extensions>
    </Filter>
    <Filter Include="Файлы заголовков">
      <UniqueIdentifier>{93995380-89BD-4b04-88EB-625FBE52EBFB}</UniqueIdentifier>
      <Extensions>h;hh;hpp;hxx;hm;inl;inc;ipp;xsd</Extensions>
    </Filter>
    <Filter Include="Файлы ресурсов">
      <UniqueIdentifier>{67DA6AB6-F800-4c08-8B7A-83BB121AAD01}</UniqueIdentifier>
      <Extensions>rc;ico;cur;bmp;dlg;rc2;rct;bin;rgs;gif;jpg;jpeg;jpe;resx;tiff;tif;png;wav;mfcribbon-ms</Extensions>
    </Filter>
  </ItemGroup>
  <ItemGroup>
    <None Include="packages.config" />
  </ItemGroup>
  <ItemGroup>
    <ClCompile Include="AdjustMeshInterference.cpp">
      <Filter>Исходные файлы</Filter>
    </ClCompile>
    <ClCompile Include="BasicVolumes.cpp">
      <Filter>Исходные файлы</Filter>
    </ClCompile>
    <ClCompile Include="core.cpp">
      <Filter>Исходные файлы</Filter>
    </ClCompile>
    <ClCompile Include="dllmain.cpp">
      <Filter>Исходные файлы</Filter>
    </ClCompile>
    <ClCompile Include="Domain.cpp">
      <Filter>Исходные файлы</Filter>
    </ClCompile>
    <ClCompile Include="DomainPlanes.cpp">
      <Filter>Исходные файлы</Filter>
    </ClCompile>
    <ClCompile Include="Elements.cpp">
      <Filter>Исходные файлы</Filter>
    </ClCompile>
    <ClCompile Include="FibreDistribution.cpp">
      <Filter>Исходные файлы</Filter>
    </ClCompile>
    <ClCompile Include="FibreDistribution1DQuad.cpp">
      <Filter>Исходные файлы</Filter>
    </ClCompile>
    <ClCompile Include="FibreDistributionConst.cpp">
      <Filter>Исходные файлы</Filter>
    </ClCompile>
    <ClCompile Include="GeometrySolver.cpp">
      <Filter>Исходные файлы</Filter>
    </ClCompile>
    <ClCompile Include="Interpolation.cpp">
      <Filter>Исходные файлы</Filter>
    </ClCompile>
    <ClCompile Include="InterpolationAdjusted.cpp">
      <Filter>Исходные файлы</Filter>
    </ClCompile>
    <ClCompile Include="InterpolationBezier.cpp">
      <Filter>Исходные файлы</Filter>
    </ClCompile>
    <ClCompile Include="InterpolationCubic.cpp">
      <Filter>Исходные файлы</Filter>
    </ClCompile>
    <ClCompile Include="InterpolationLinear.cpp">
      <Filter>Исходные файлы</Filter>
    </ClCompile>
    <ClCompile Include="LinearTransformation.cpp">
      <Filter>Исходные файлы</Filter>
    </ClCompile>
    <ClCompile Include="Logger.cpp">
      <Filter>Исходные файлы</Filter>
    </ClCompile>
    <ClCompile Include="Mesh.cpp">
      <Filter>Исходные файлы</Filter>
    </ClCompile>
    <ClCompile Include="Mesher.cpp">
      <Filter>Исходные файлы</Filter>
    </ClCompile>
    <ClCompile Include="MeshIntersectionData.cpp">
      <Filter>Исходные файлы</Filter>
    </ClCompile>
    <ClCompile Include="MeshOctreeClasses.cpp">
      <Filter>Исходные файлы</Filter>
    </ClCompile>
    <ClCompile Include="Misc.cpp">
      <Filter>Исходные файлы</Filter>
    </ClCompile>
    <ClCompile Include="Node.cpp">
      <Filter>Исходные файлы</Filter>
    </ClCompile>
    <ClCompile Include="PatternDraft.cpp">
      <Filter>Исходные файлы</Filter>
    </ClCompile>
    <ClCompile Include="PeriodicBoundaries.cpp">
      <Filter>Исходные файлы</Filter>
    </ClCompile>
    <ClCompile Include="Properties.cpp">
      <Filter>Исходные файлы</Filter>
    </ClCompile>
    <ClCompile Include="PropertiesTextile.cpp">
      <Filter>Исходные файлы</Filter>
    </ClCompile>
    <ClCompile Include="PropertiesYarn.cpp">
      <Filter>Исходные файлы</Filter>
    </ClCompile>
    <ClCompile Include="Property.cpp">
      <Filter>Исходные файлы</Filter>
    </ClCompile>
    <ClCompile Include="RectangularVoxelMesh.cpp">
      <Filter>Исходные файлы</Filter>
    </ClCompile>
    <ClCompile Include="ReedData.cpp">
      <Filter>Исходные файлы</Filter>
    </ClCompile>
    <ClCompile Include="Section.cpp">
      <Filter>Исходные файлы</Filter>
    </ClCompile>
    <ClCompile Include="SectionBezier.cpp">
      <Filter>Исходные файлы</Filter>
    </ClCompile>
    <ClCompile Include="SectionEllipse.cpp">
      <Filter>Исходные файлы</Filter>
    </ClCompile>
    <ClCompile Include="SectionHybrid.cpp">
      <Filter>Исходные файлы</Filter>
    </ClCompile>
    <ClCompile Include="SectionLenticular.cpp">
      <Filter>Исходные файлы</Filter>
    </ClCompile>
    <ClCompile Include="SectionMesh.cpp">
      <Filter>Исходные файлы</Filter>
    </ClCompile>
    <ClCompile Include="SectionMeshRectangleSection.cpp">
      <Filter>Исходные файлы</Filter>
    </ClCompile>
    <ClCompile Include="SectionMeshRectangular.cpp">
      <Filter>Исходные файлы</Filter>
    </ClCompile>
    <ClCompile Include="SectionMeshTriangulate.cpp">
      <Filter>Исходные файлы</Filter>
    </ClCompile>
    <ClCompile Include="SectionPolygon.cpp">
      <Filter>Исходные файлы</Filter>
    </ClCompile>
    <ClCompile Include="SectionPowerEllipse.cpp">
      <Filter>Исходные файлы</Filter>
    </ClCompile>
    <ClCompile Include="SectionRectangle.cpp">
      <Filter>Исходные файлы</Filter>
    </ClCompile>
    <ClCompile Include="SectionRotated.cpp">
      <Filter>Исходные файлы</Filter>
    </ClCompile>
    <ClCompile Include="SectionScaled.cpp">
      <Filter>Исходные файлы</Filter>
    </ClCompile>
    <ClCompile Include="ShearedPeriodicBoundaries.cpp">
      <Filter>Исходные файлы</Filter>
    </ClCompile>
    <ClCompile Include="ShearedTextileWeave2D.cpp">
      <Filter>Исходные файлы</Filter>
    </ClCompile>
    <ClCompile Include="ShearedVoxelMesh.cpp">
      <Filter>Исходные файлы</Filter>
    </ClCompile>
    <ClCompile Include="Simulation.cpp">
      <Filter>Исходные файлы</Filter>
    </ClCompile>
    <ClCompile Include="SimulationAbaqus.cpp">
      <Filter>Исходные файлы</Filter>
    </ClCompile>
    <ClCompile Include="SlaveNode.cpp">
      <Filter>Исходные файлы</Filter>
    </ClCompile>
    <ClCompile Include="StaggeredPeriodicBoundaries.cpp">
      <Filter>Исходные файлы</Filter>
    </ClCompile>
    <ClCompile Include="StaggeredVoxelMesh.cpp">
      <Filter>Исходные файлы</Filter>
    </ClCompile>
    <ClCompile Include="stdafx.cpp">
      <Filter>Исходные файлы</Filter>
    </ClCompile>
    <ClCompile Include="TetgenMesh.cpp">
      <Filter>Исходные файлы</Filter>
    </ClCompile>
    <ClCompile Include="TexGen.cpp">
      <Filter>Исходные файлы</Filter>
    </ClCompile>
    <ClCompile Include="Textile.cpp">
      <Filter>Исходные файлы</Filter>
    </ClCompile>
    <ClCompile Include="Textile3DWeave.cpp">
      <Filter>Исходные файлы</Filter>
    </ClCompile>
    <ClCompile Include="TextileAngleInterlock.cpp">
      <Filter>Исходные файлы</Filter>
    </ClCompile>
    <ClCompile Include="TextileDeformer.cpp">
      <Filter>Исходные файлы</Filter>
    </ClCompile>
    <ClCompile Include="TextileDeformerVolumeMesh.cpp">
      <Filter>Исходные файлы</Filter>
    </ClCompile>
    <ClCompile Include="TextileLayered.cpp">
      <Filter>Исходные файлы</Filter>
    </ClCompile>
    <ClCompile Include="TextileLayerToLayer.cpp">
      <Filter>Исходные файлы</Filter>
    </ClCompile>
    <ClCompile Include="TextileOffsetAngleInterlock.cpp">
      <Filter>Исходные файлы</Filter>
    </ClCompile>
    <ClCompile Include="TextileOrthogonal.cpp">
      <Filter>Исходные файлы</Filter>
    </ClCompile>
    <ClCompile Include="TextileWeave.cpp">
      <Filter>Исходные файлы</Filter>
    </ClCompile>
    <ClCompile Include="TextileWeave2D.cpp">
      <Filter>Исходные файлы</Filter>
    </ClCompile>
    <ClCompile Include="TextileWeave3D.cpp">
      <Filter>Исходные файлы</Filter>
    </ClCompile>
    <ClCompile Include="triangle.c">
      <Filter>Исходные файлы</Filter>
    </ClCompile>
    <ClCompile Include="units.cpp">
      <Filter>Исходные файлы</Filter>
    </ClCompile>
    <ClCompile Include="VoxelMesh.cpp">
      <Filter>Исходные файлы</Filter>
    </ClCompile>
    <ClCompile Include="Yarn.cpp">
      <Filter>Исходные файлы</Filter>
    </ClCompile>
    <ClCompile Include="YarnData.cpp">
      <Filter>Исходные файлы</Filter>
    </ClCompile>
    <ClCompile Include="YarnSection.cpp">
      <Filter>Исходные файлы</Filter>
    </ClCompile>
    <ClCompile Include="YarnSectionAdjusted.cpp">
      <Filter>Исходные файлы</Filter>
    </ClCompile>
    <ClCompile Include="YarnSectionConstant.cpp">
      <Filter>Исходные файлы</Filter>
    </ClCompile>
    <ClCompile Include="YarnSectionInterp.cpp">
      <Filter>Исходные файлы</Filter>
    </ClCompile>
    <ClCompile Include="YarnSectionInterpNode.cpp">
      <Filter>Исходные файлы</Filter>
    </ClCompile>
    <ClCompile Include="YarnSectionInterpPosition.cpp">
      <Filter>Исходные файлы</Filter>
    </ClCompile>
  </ItemGroup>
  <ItemGroup>
    <ClInclude Include="AdjustMeshInterference.h">
      <Filter>Файлы заголовков</Filter>
    </ClInclude>
    <ClInclude Include="BasicVolumes.h">
      <Filter>Файлы заголовков</Filter>
    </ClInclude>
    <ClInclude Include="DefaultProperties.h">
      <Filter>Файлы заголовков</Filter>
    </ClInclude>
    <ClInclude Include="Domain.h">
      <Filter>Файлы заголовков</Filter>
    </ClInclude>
    <ClInclude Include="DomainPlanes.h">
      <Filter>Файлы заголовков</Filter>
    </ClInclude>
    <ClInclude Include="Elements.h">
      <Filter>Файлы заголовков</Filter>
    </ClInclude>
    <ClInclude Include="FibreDistribution.h">
      <Filter>Файлы заголовков</Filter>
    </ClInclude>
    <ClInclude Include="FibreDistribution1DQuad.h">
      <Filter>Файлы заголовков</Filter>
    </ClInclude>
    <ClInclude Include="FibreDistributionConst.h">
      <Filter>Файлы заголовков</Filter>
    </ClInclude>
    <ClInclude Include="GeometrySolver.h">
      <Filter>Файлы заголовков</Filter>
    </ClInclude>
    <ClInclude Include="Interpolation.h">
      <Filter>Файлы заголовков</Filter>
    </ClInclude>
    <ClInclude Include="InterpolationAdjusted.h">
      <Filter>Файлы заголовков</Filter>
    </ClInclude>
    <ClInclude Include="InterpolationBezier.h">
      <Filter>Файлы заголовков</Filter>
    </ClInclude>
    <ClInclude Include="InterpolationCubic.h">
      <Filter>Файлы заголовков</Filter>
    </ClInclude>
    <ClInclude Include="InterpolationLinear.h">
      <Filter>Файлы заголовков</Filter>
    </ClInclude>
    <ClInclude Include="LinearTransformation.h">
      <Filter>Файлы заголовков</Filter>
    </ClInclude>
    <ClInclude Include="Logger.h">
      <Filter>Файлы заголовков</Filter>
    </ClInclude>
    <ClInclude Include="Matrix.h">
      <Filter>Файлы заголовков</Filter>
    </ClInclude>
    <ClInclude Include="MatrixUtils.h">
      <Filter>Файлы заголовков</Filter>
    </ClInclude>
    <ClInclude Include="Mesh.h">
      <Filter>Файлы заголовков</Filter>
    </ClInclude>
    <ClInclude Include="MeshData.h">
      <Filter>Файлы заголовков</Filter>
    </ClInclude>
    <ClInclude Include="Mesher.h">
      <Filter>Файлы заголовков</Filter>
    </ClInclude>
    <ClInclude Include="MeshIntersectionData.h">
      <Filter>Файлы заголовков</Filter>
    </ClInclude>
    <ClInclude Include="MeshOctreeClasses.h">
      <Filter>Файлы заголовков</Filter>
    </ClInclude>
    <ClInclude Include="Misc.h">
      <Filter>Файлы заголовков</Filter>
    </ClInclude>
    <ClInclude Include="mymath.h">
      <Filter>Файлы заголовков</Filter>
    </ClInclude>
    <ClInclude Include="Node.h">
      <Filter>Файлы заголовков</Filter>
    </ClInclude>
    <ClInclude Include="ObjectContainer.h">
      <Filter>Файлы заголовков</Filter>
    </ClInclude>
    <ClInclude Include="PatternDraft.h">
      <Filter>Файлы заголовков</Filter>
    </ClInclude>
    <ClInclude Include="PeriodicBoundaries.h">
      <Filter>Файлы заголовков</Filter>
    </ClInclude>
    <ClInclude Include="Plane.h">
      <Filter>Файлы заголовков</Filter>
    </ClInclude>
    <ClInclude Include="Properties.h">
      <Filter>Файлы заголовков</Filter>
    </ClInclude>
    <ClInclude Include="PropertiesTextile.h">
      <Filter>Файлы заголовков</Filter>
    </ClInclude>
    <ClInclude Include="PropertiesYarn.h">
      <Filter>Файлы заголовков</Filter>
    </ClInclude>
    <ClInclude Include="Property.h">
      <Filter>Файлы заголовков</Filter>
    </ClInclude>
    <ClInclude Include="RectangularVoxelMesh.h">
      <Filter>Файлы заголовков</Filter>
    </ClInclude>
    <ClInclude Include="ReedData.h">
      <Filter>Файлы заголовков</Filter>
    </ClInclude>
    <ClInclude Include="Section.h">
      <Filter>Файлы заголовков</Filter>
    </ClInclude>
    <ClInclude Include="SectionBezier.h">
      <Filter>Файлы заголовков</Filter>
    </ClInclude>
    <ClInclude Include="SectionEllipse.h">
      <Filter>Файлы заголовков</Filter>
    </ClInclude>
    <ClInclude Include="SectionHybrid.h">
      <Filter>Файлы заголовков</Filter>
    </ClInclude>
    <ClInclude Include="SectionLenticular.h">
      <Filter>Файлы заголовков</Filter>
    </ClInclude>
    <ClInclude Include="SectionMesh.h">
      <Filter>Файлы заголовков</Filter>
    </ClInclude>
    <ClInclude Include="SectionMeshRectangleSection.h">
      <Filter>Файлы заголовков</Filter>
    </ClInclude>
    <ClInclude Include="SectionMeshRectangular.h">
      <Filter>Файлы заголовков</Filter>
    </ClInclude>
    <ClInclude Include="SectionMeshTriangulate.h">
      <Filter>Файлы заголовков</Filter>
    </ClInclude>
    <ClInclude Include="SectionPolygon.h">
      <Filter>Файлы заголовков</Filter>
    </ClInclude>
    <ClInclude Include="SectionPowerEllipse.h">
      <Filter>Файлы заголовков</Filter>
    </ClInclude>
    <ClInclude Include="SectionRectangle.h">
      <Filter>Файлы заголовков</Filter>
    </ClInclude>
    <ClInclude Include="SectionRotated.h">
      <Filter>Файлы заголовков</Filter>
    </ClInclude>
    <ClInclude Include="SectionScaled.h">
      <Filter>Файлы заголовков</Filter>
    </ClInclude>
    <ClInclude Include="ShearedPeriodicBoundaries.h">
      <Filter>Файлы заголовков</Filter>
    </ClInclude>
    <ClInclude Include="ShearedTextileWeave2D.h">
      <Filter>Файлы заголовков</Filter>
    </ClInclude>
    <ClInclude Include="ShearedVoxelMesh.h">
      <Filter>Файлы заголовков</Filter>
    </ClInclude>
    <ClInclude Include="Simulation.h">
      <Filter>Файлы заголовков</Filter>
    </ClInclude>
    <ClInclude Include="SimulationAbaqus.h">
      <Filter>Файлы заголовков</Filter>
    </ClInclude>
    <ClInclude Include="Singleton.h">
      <Filter>Файлы заголовков</Filter>
    </ClInclude>
    <ClInclude Include="SlaveNode.h">
      <Filter>Файлы заголовков</Filter>
    </ClInclude>
    <ClInclude Include="StaggeredPeriodicBoundaries.h">
      <Filter>Файлы заголовков</Filter>
    </ClInclude>
    <ClInclude Include="StaggeredVoxelMesh.h">
      <Filter>Файлы заголовков</Filter>
    </ClInclude>
    <ClInclude Include="stdafx.h">
      <Filter>Файлы заголовков</Filter>
    </ClInclude>
    <ClInclude Include="targetver.h">
      <Filter>Файлы заголовков</Filter>
    </ClInclude>
    <ClInclude Include="TetgenMesh.h">
      <Filter>Файлы заголовков</Filter>
    </ClInclude>
    <ClInclude Include="TexGen.h">
      <Filter>Файлы заголовков</Filter>
    </ClInclude>
    <ClInclude Include="Textile.h">
      <Filter>Файлы заголовков</Filter>
    </ClInclude>
    <ClInclude Include="Textile3DWeave.h">
      <Filter>Файлы заголовков</Filter>
    </ClInclude>
    <ClInclude Include="TextileAngleInterlock.h">
      <Filter>Файлы заголовков</Filter>
    </ClInclude>
    <ClInclude Include="TextileDeformer.h">
      <Filter>Файлы заголовков</Filter>
    </ClInclude>
    <ClInclude Include="TextileDeformerVolumeMesh.h">
      <Filter>Файлы заголовков</Filter>
    </ClInclude>
    <ClInclude Include="TextileLayered.h">
      <Filter>Файлы заголовков</Filter>
    </ClInclude>
    <ClInclude Include="TextileLayerToLayer.h">
      <Filter>Файлы заголовков</Filter>
    </ClInclude>
    <ClInclude Include="TextileOffsetAngleInterlock.h">
      <Filter>Файлы заголовков</Filter>
    </ClInclude>
    <ClInclude Include="TextileOrthogonal.h">
      <Filter>Файлы заголовков</Filter>
    </ClInclude>
    <ClInclude Include="TextileWeave.h">
      <Filter>Файлы заголовков</Filter>
    </ClInclude>
    <ClInclude Include="TextileWeave2D.h">
      <Filter>Файлы заголовков</Filter>
    </ClInclude>
    <ClInclude Include="TextileWeave3D.h">
      <Filter>Файлы заголовков</Filter>
    </ClInclude>
    <ClInclude Include="Timer.h">
      <Filter>Файлы заголовков</Filter>
    </ClInclude>
    <ClInclude Include="triangle.h">
      <Filter>Файлы заголовков</Filter>
    </ClInclude>
    <ClInclude Include="units.h">
      <Filter>Файлы заголовков</Filter>
    </ClInclude>
    <ClInclude Include="VoxelMesh.h">
      <Filter>Файлы заголовков</Filter>
    </ClInclude>
    <ClInclude Include="Yarn.h">
      <Filter>Файлы заголовков</Filter>
    </ClInclude>
    <ClInclude Include="YarnData.h">
      <Filter>Файлы заголовков</Filter>
    </ClInclude>
    <ClInclude Include="YarnSection.h">
      <Filter>Файлы заголовков</Filter>
    </ClInclude>
    <ClInclude Include="YarnSectionAdjusted.h">
      <Filter>Файлы заголовков</Filter>
    </ClInclude>
    <ClInclude Include="YarnSectionConstant.h">
      <Filter>Файлы заголовков</Filter>
    </ClInclude>
    <ClInclude Include="YarnSectionInterp.h">
      <Filter>Файлы заголовков</Filter>
    </ClInclude>
    <ClInclude Include="YarnSectionInterpNode.h">
      <Filter>Файлы заголовков</Filter>
    </ClInclude>
    <ClInclude Include="YarnSectionInterpPosition.h">
      <Filter>Файлы заголовков</Filter>
    </ClInclude>
  </ItemGroup>
</Project>